
Microsoft Visual Studio Solution File, Format Version 12.00
# Visual Studio Version 17
VisualStudioVersion = 17.13.35913.81 d17.13
MinimumVisualStudioVersion = 10.0.40219.1
Project("{FAE04EC0-301F-11D3-BF4B-00C04F79EFBC}") = "Park2", "Park2\Park2.csproj", "{0D42199C-223C-4F16-A264-909BA058101E}"
EndProject
Project("{FAE04EC0-301F-11D3-BF4B-00C04F79EFBC}") = "Park2.Domain", "Park2.Domain\Park2.Domain.csproj", "{CED4A7F3-E41A-4D5D-9520-84EA2CEFBAC2}"
EndProject
Project("{FAE04EC0-301F-11D3-BF4B-00C04F79EFBC}") = "Park2.Application", "Park2.Application\Park2.Application.csproj", "{EB05D797-6CDB-4AA0-A25F-F6F1008EA001}"
EndProject
Project("{FAE04EC0-301F-11D3-BF4B-00C04F79EFBC}") = "Park2.Presentation", "Park2.Presentation\Park2.Presentation.csproj", "{6954F303-373C-4386-9007-C8AC34B19B76}"
EndProject
Project("{FAE04EC0-301F-11D3-BF4B-00C04F79EFBC}") = "Park2.Infrastructure", "Park2.Infrastructure\Park2.Infrastructure.csproj", "{C10439DA-9A69-4DA4-BC5C-A25FB897EF05}"
EndProject
Global
	GlobalSection(SolutionConfigurationPlatforms) = preSolution
		Debug|Any CPU = Debug|Any CPU
		Release|Any CPU = Release|Any CPU
	EndGlobalSection
	GlobalSection(ProjectConfigurationPlatforms) = postSolution
		{0D42199C-223C-4F16-A264-909BA058101E}.Debug|Any CPU.ActiveCfg = Debug|Any CPU
		{0D42199C-223C-4F16-A264-909BA058101E}.Debug|Any CPU.Build.0 = Debug|Any CPU
		{0D42199C-223C-4F16-A264-909BA058101E}.Release|Any CPU.ActiveCfg = Release|Any CPU
		{0D42199C-223C-4F16-A264-909BA058101E}.Release|Any CPU.Build.0 = Release|Any CPU
		{CED4A7F3-E41A-4D5D-9520-84EA2CEFBAC2}.Debug|Any CPU.ActiveCfg = Debug|Any CPU
		{CED4A7F3-E41A-4D5D-9520-84EA2CEFBAC2}.Debug|Any CPU.Build.0 = Debug|Any CPU
		{CED4A7F3-E41A-4D5D-9520-84EA2CEFBAC2}.Release|Any CPU.ActiveCfg = Release|Any CPU
		{CED4A7F3-E41A-4D5D-9520-84EA2CEFBAC2}.Release|Any CPU.Build.0 = Release|Any CPU
		{EB05D797-6CDB-4AA0-A25F-F6F1008EA001}.Debug|Any CPU.ActiveCfg = Debug|Any CPU
		{EB05D797-6CDB-4AA0-A25F-F6F1008EA001}.Debug|Any CPU.Build.0 = Debug|Any CPU
		{EB05D797-6CDB-4AA0-A25F-F6F1008EA001}.Release|Any CPU.ActiveCfg = Release|Any CPU
		{EB05D797-6CDB-4AA0-A25F-F6F1008EA001}.Release|Any CPU.Build.0 = Release|Any CPU
		{6954F303-373C-4386-9007-C8AC34B19B76}.Debug|Any CPU.ActiveCfg = Debug|Any CPU
		{6954F303-373C-4386-9007-C8AC34B19B76}.Debug|Any CPU.Build.0 = Debug|Any CPU
		{6954F303-373C-4386-9007-C8AC34B19B76}.Release|Any CPU.ActiveCfg = Release|Any CPU
		{6954F303-373C-4386-9007-C8AC34B19B76}.Release|Any CPU.Build.0 = Release|Any CPU
		{C10439DA-9A69-4DA4-BC5C-A25FB897EF05}.Debug|Any CPU.ActiveCfg = Debug|Any CPU
		{C10439DA-9A69-4DA4-BC5C-A25FB897EF05}.Debug|Any CPU.Build.0 = Debug|Any CPU
		{C10439DA-9A69-4DA4-BC5C-A25FB897EF05}.Release|Any CPU.ActiveCfg = Release|Any CPU
		{C10439DA-9A69-4DA4-BC5C-A25FB897EF05}.Release|Any CPU.Build.0 = Release|Any CPU
	EndGlobalSection
	GlobalSection(SolutionProperties) = preSolution
		HideSolutionNode = FALSE
	EndGlobalSection
	GlobalSection(ExtensibilityGlobals) = postSolution
		SolutionGuid = {B5AA1FE9-749E-48AB-B80A-606F60952D97}
	EndGlobalSection
EndGlobal
